// !$*UTF8*$!
{
	archiveVersion = 1;
	classes = {
	};
	objectVersion = 51;
	objects = {

/* Begin PBXBuildFile section */
		21035550F24B8CDBBBCC60F0 /* Pods_PlaguePrevent.framework in Frameworks */ = {isa = PBXBuildFile; fileRef = 221694C30D255878743A78EA /* Pods_PlaguePrevent.framework */; };
		EB390DAB24264B6B0009CEB0 /* BarView.swift in Sources */ = {isa = PBXBuildFile; fileRef = EB390DA824264B340009CEB0 /* BarView.swift */; };
		EB390DAF242650EA0009CEB0 /* HeaderCollectionReusableView.swift in Sources */ = {isa = PBXBuildFile; fileRef = EBB04BDC2425945600BB2794 /* HeaderCollectionReusableView.swift */; };
		EB390DB3242659D50009CEB0 /* CasesCard.xib in Resources */ = {isa = PBXBuildFile; fileRef = EB390DB1242659D40009CEB0 /* CasesCard.xib */; };
		EB390DB4242659D50009CEB0 /* CasesCard.swift in Sources */ = {isa = PBXBuildFile; fileRef = EB390DB2242659D50009CEB0 /* CasesCard.swift */; };
		EB390DB724265B730009CEB0 /* PopulationCard.xib in Resources */ = {isa = PBXBuildFile; fileRef = EB390DB524265B720009CEB0 /* PopulationCard.xib */; };
		EB390DB824265B730009CEB0 /* PopulationCard.swift in Sources */ = {isa = PBXBuildFile; fileRef = EB390DB624265B730009CEB0 /* PopulationCard.swift */; };
		EB47A34C2426D48100868B50 /* PopupMoneyViewController.swift in Sources */ = {isa = PBXBuildFile; fileRef = EB47A34A2426D48100868B50 /* PopupMoneyViewController.swift */; };
		EB47A34D2426D48100868B50 /* PopupMoneyViewController.xib in Resources */ = {isa = PBXBuildFile; fileRef = EB47A34B2426D48100868B50 /* PopupMoneyViewController.xib */; };
		EB745E4F24257361005280BB /* AppDelegate.swift in Sources */ = {isa = PBXBuildFile; fileRef = EB745E4E24257361005280BB /* AppDelegate.swift */; };
		EB745E5124257361005280BB /* SceneDelegate.swift in Sources */ = {isa = PBXBuildFile; fileRef = EB745E5024257361005280BB /* SceneDelegate.swift */; };
		EB745E5324257361005280BB /* GameViewController.swift in Sources */ = {isa = PBXBuildFile; fileRef = EB745E5224257361005280BB /* GameViewController.swift */; };
		EB745E5624257361005280BB /* Main.storyboard in Resources */ = {isa = PBXBuildFile; fileRef = EB745E5424257361005280BB /* Main.storyboard */; };
		EB745E5824257364005280BB /* Assets.xcassets in Resources */ = {isa = PBXBuildFile; fileRef = EB745E5724257364005280BB /* Assets.xcassets */; };
		EB745E5B24257364005280BB /* LaunchScreen.storyboard in Resources */ = {isa = PBXBuildFile; fileRef = EB745E5924257364005280BB /* LaunchScreen.storyboard */; };
		EB745E63242573C6005280BB /* MoneyMeasure.swift in Sources */ = {isa = PBXBuildFile; fileRef = EB745E62242573C6005280BB /* MoneyMeasure.swift */; };
		EB745E6824258557005280BB /* MeasuresCollectionViewCell.swift in Sources */ = {isa = PBXBuildFile; fileRef = EB745E6624258557005280BB /* MeasuresCollectionViewCell.swift */; };
		EB745E6924258557005280BB /* MeasuresCollectionViewCell.xib in Resources */ = {isa = PBXBuildFile; fileRef = EB745E6724258557005280BB /* MeasuresCollectionViewCell.xib */; };
		EB7CCAD62426849800786B4D /* Simulation.swift in Sources */ = {isa = PBXBuildFile; fileRef = EB7CCAD52426849800786B4D /* Simulation.swift */; };
		EB982D6224267B320080099D /* MeasureEffectiveness.swift in Sources */ = {isa = PBXBuildFile; fileRef = EB982D6024267AB90080099D /* MeasureEffectiveness.swift */; };
		EB982D6424267BAF0080099D /* MeasureCommunication.swift in Sources */ = {isa = PBXBuildFile; fileRef = EB982D6324267BAF0080099D /* MeasureCommunication.swift */; };
		EB982D6624267BC30080099D /* MeasureSchools.swift in Sources */ = {isa = PBXBuildFile; fileRef = EB982D6524267BC30080099D /* MeasureSchools.swift */; };
		EB982D6824267BCC0080099D /* MeasureTraffic.swift in Sources */ = {isa = PBXBuildFile; fileRef = EB982D6724267BCC0080099D /* MeasureTraffic.swift */; };
		EB982D6A24267BD30080099D /* MeasureWork.swift in Sources */ = {isa = PBXBuildFile; fileRef = EB982D6924267BD30080099D /* MeasureWork.swift */; };
		EB982D6C24267BE90080099D /* MeasureAusgangssperre.swift in Sources */ = {isa = PBXBuildFile; fileRef = EB982D6B24267BE90080099D /* MeasureAusgangssperre.swift */; };
		EB982D6E24267BFB0080099D /* MeasureScience.swift in Sources */ = {isa = PBXBuildFile; fileRef = EB982D6D24267BFB0080099D /* MeasureScience.swift */; };
		EB982D7024267C670080099D /* MeasureHealth.swift in Sources */ = {isa = PBXBuildFile; fileRef = EB982D6F24267C670080099D /* MeasureHealth.swift */; };
		EB982D7224267C750080099D /* MeasureEconomics.swift in Sources */ = {isa = PBXBuildFile; fileRef = EB982D7124267C750080099D /* MeasureEconomics.swift */; };
		EB982D7424267C860080099D /* MeasureBusinesses.swift in Sources */ = {isa = PBXBuildFile; fileRef = EB982D7324267C860080099D /* MeasureBusinesses.swift */; };
		EBB04BDF242596C900BB2794 /* HeaderCollectionReusableView.xib in Resources */ = {isa = PBXBuildFile; fileRef = EBB04BDD2425945600BB2794 /* HeaderCollectionReusableView.xib */; };
		EBDFEBFF242634AF00C896FC /* InteractiveTransition.swift in Sources */ = {isa = PBXBuildFile; fileRef = EBDFEBEC242634A000C896FC /* InteractiveTransition.swift */; };
		EBDFEC00242634AF00C896FC /* PresentationController.swift in Sources */ = {isa = PBXBuildFile; fileRef = EBDFEBED242634A000C896FC /* PresentationController.swift */; };
		EBDFEC01242634AF00C896FC /* UIImageView+Calculations.swift in Sources */ = {isa = PBXBuildFile; fileRef = EBDFEBEE242634A000C896FC /* UIImageView+Calculations.swift */; };
		EBDFEC02242634AF00C896FC /* UIView+Animations.swift in Sources */ = {isa = PBXBuildFile; fileRef = EBDFEBEF242634A000C896FC /* UIView+Animations.swift */; };
		EBDFEC03242634AF00C896FC /* PopupDialogDefaultView.swift in Sources */ = {isa = PBXBuildFile; fileRef = EBDFEBF0242634A000C896FC /* PopupDialogDefaultView.swift */; };
		EBDFEC04242634AF00C896FC /* PopupDialog.swift in Sources */ = {isa = PBXBuildFile; fileRef = EBDFEBF1242634A000C896FC /* PopupDialog.swift */; };
		EBDFEC05242634AF00C896FC /* .gitkeep in Resources */ = {isa = PBXBuildFile; fileRef = EBDFEBF2242634A000C896FC /* .gitkeep */; };
		EBDFEC06242634AF00C896FC /* PopupDialogOverlayView.swift in Sources */ = {isa = PBXBuildFile; fileRef = EBDFEBF3242634A000C896FC /* PopupDialogOverlayView.swift */; };
		EBDFEC07242634AF00C896FC /* PopupDialogButton.swift in Sources */ = {isa = PBXBuildFile; fileRef = EBDFEBF4242634A000C896FC /* PopupDialogButton.swift */; };
		EBDFEC08242634AF00C896FC /* UIViewController+Visibility.swift in Sources */ = {isa = PBXBuildFile; fileRef = EBDFEBF5242634A000C896FC /* UIViewController+Visibility.swift */; };
		EBDFEC09242634AF00C896FC /* TransitionAnimator.swift in Sources */ = {isa = PBXBuildFile; fileRef = EBDFEBF6242634A000C896FC /* TransitionAnimator.swift */; };
		EBDFEC0A242634AF00C896FC /* PopupDialog+Keyboard.swift in Sources */ = {isa = PBXBuildFile; fileRef = EBDFEBF7242634A000C896FC /* PopupDialog+Keyboard.swift */; };
		EBDFEC0B242634AF00C896FC /* PopupDialogDefaultViewController.swift in Sources */ = {isa = PBXBuildFile; fileRef = EBDFEBF8242634A000C896FC /* PopupDialogDefaultViewController.swift */; };
		EBDFEC0C242634AF00C896FC /* TransitionAnimations.swift in Sources */ = {isa = PBXBuildFile; fileRef = EBDFEBF9242634A000C896FC /* TransitionAnimations.swift */; };
		EBDFEC0D242634AF00C896FC /* PopupDialogDefaultButtons.swift in Sources */ = {isa = PBXBuildFile; fileRef = EBDFEBFA242634A000C896FC /* PopupDialogDefaultButtons.swift */; };
		EBDFEC0E242634AF00C896FC /* PresentationManager.swift in Sources */ = {isa = PBXBuildFile; fileRef = EBDFEBFB242634A000C896FC /* PresentationManager.swift */; };
		EBDFEC0F242634AF00C896FC /* PopupDialogContainerView.swift in Sources */ = {isa = PBXBuildFile; fileRef = EBDFEBFC242634A000C896FC /* PopupDialogContainerView.swift */; };
		EBDFEC13242637F700C896FC /* MeasurePackage.swift in Sources */ = {isa = PBXBuildFile; fileRef = EBDFEC10242637CD00C896FC /* MeasurePackage.swift */; };
		EBDFEC1524263CB700C896FC /* MeasureTypeBorder.swift in Sources */ = {isa = PBXBuildFile; fileRef = EBDFEC1424263CB700C896FC /* MeasureTypeBorder.swift */; };
		EBDFEC1B24263DE700C896FC /* DefaultMeasureDescription.swift in Sources */ = {isa = PBXBuildFile; fileRef = EBDFEC1A24263DE700C896FC /* DefaultMeasureDescription.swift */; };
/* End PBXBuildFile section */

/* Begin PBXFileReference section */
		005E7FDAAC8523FE606472A1 /* Pods-PlaguePrevent.debug.xcconfig */ = {isa = PBXFileReference; includeInIndex = 1; lastKnownFileType = text.xcconfig; name = "Pods-PlaguePrevent.debug.xcconfig"; path = "Target Support Files/Pods-PlaguePrevent/Pods-PlaguePrevent.debug.xcconfig"; sourceTree = "<group>"; };
		1FE97EC5A2A2A1A5C20BA1CB /* Pods-PlaguePrevent.release.xcconfig */ = {isa = PBXFileReference; includeInIndex = 1; lastKnownFileType = text.xcconfig; name = "Pods-PlaguePrevent.release.xcconfig"; path = "Target Support Files/Pods-PlaguePrevent/Pods-PlaguePrevent.release.xcconfig"; sourceTree = "<group>"; };
		221694C30D255878743A78EA /* Pods_PlaguePrevent.framework */ = {isa = PBXFileReference; explicitFileType = wrapper.framework; includeInIndex = 0; path = Pods_PlaguePrevent.framework; sourceTree = BUILT_PRODUCTS_DIR; };
		EB390DA824264B340009CEB0 /* BarView.swift */ = {isa = PBXFileReference; lastKnownFileType = sourcecode.swift; path = BarView.swift; sourceTree = "<group>"; };
		EB390DB1242659D40009CEB0 /* CasesCard.xib */ = {isa = PBXFileReference; fileEncoding = 4; lastKnownFileType = file.xib; path = CasesCard.xib; sourceTree = "<group>"; };
		EB390DB2242659D50009CEB0 /* CasesCard.swift */ = {isa = PBXFileReference; fileEncoding = 4; lastKnownFileType = sourcecode.swift; path = CasesCard.swift; sourceTree = "<group>"; };
		EB390DB524265B720009CEB0 /* PopulationCard.xib */ = {isa = PBXFileReference; fileEncoding = 4; lastKnownFileType = file.xib; path = PopulationCard.xib; sourceTree = "<group>"; };
		EB390DB624265B730009CEB0 /* PopulationCard.swift */ = {isa = PBXFileReference; fileEncoding = 4; lastKnownFileType = sourcecode.swift; path = PopulationCard.swift; sourceTree = "<group>"; };
		EB47A34A2426D48100868B50 /* PopupMoneyViewController.swift */ = {isa = PBXFileReference; lastKnownFileType = sourcecode.swift; path = PopupMoneyViewController.swift; sourceTree = "<group>"; };
		EB47A34B2426D48100868B50 /* PopupMoneyViewController.xib */ = {isa = PBXFileReference; lastKnownFileType = file.xib; path = PopupMoneyViewController.xib; sourceTree = "<group>"; };
		EB745E4B24257361005280BB /* PlaguePrevent.app */ = {isa = PBXFileReference; explicitFileType = wrapper.application; includeInIndex = 0; path = PlaguePrevent.app; sourceTree = BUILT_PRODUCTS_DIR; };
		EB745E4E24257361005280BB /* AppDelegate.swift */ = {isa = PBXFileReference; lastKnownFileType = sourcecode.swift; path = AppDelegate.swift; sourceTree = "<group>"; };
		EB745E5024257361005280BB /* SceneDelegate.swift */ = {isa = PBXFileReference; lastKnownFileType = sourcecode.swift; path = SceneDelegate.swift; sourceTree = "<group>"; };
		EB745E5224257361005280BB /* GameViewController.swift */ = {isa = PBXFileReference; lastKnownFileType = sourcecode.swift; path = GameViewController.swift; sourceTree = "<group>"; };
		EB745E5524257361005280BB /* Base */ = {isa = PBXFileReference; lastKnownFileType = file.storyboard; name = Base; path = Base.lproj/Main.storyboard; sourceTree = "<group>"; };
		EB745E5724257364005280BB /* Assets.xcassets */ = {isa = PBXFileReference; lastKnownFileType = folder.assetcatalog; path = Assets.xcassets; sourceTree = "<group>"; };
		EB745E5A24257364005280BB /* Base */ = {isa = PBXFileReference; lastKnownFileType = file.storyboard; name = Base; path = Base.lproj/LaunchScreen.storyboard; sourceTree = "<group>"; };
		EB745E5C24257364005280BB /* Info.plist */ = {isa = PBXFileReference; lastKnownFileType = text.plist.xml; path = Info.plist; sourceTree = "<group>"; };
		EB745E62242573C6005280BB /* MoneyMeasure.swift */ = {isa = PBXFileReference; lastKnownFileType = sourcecode.swift; path = MoneyMeasure.swift; sourceTree = "<group>"; };
		EB745E6624258557005280BB /* MeasuresCollectionViewCell.swift */ = {isa = PBXFileReference; lastKnownFileType = sourcecode.swift; path = MeasuresCollectionViewCell.swift; sourceTree = "<group>"; };
		EB745E6724258557005280BB /* MeasuresCollectionViewCell.xib */ = {isa = PBXFileReference; lastKnownFileType = file.xib; path = MeasuresCollectionViewCell.xib; sourceTree = "<group>"; };
		EB7CCAD52426849800786B4D /* Simulation.swift */ = {isa = PBXFileReference; lastKnownFileType = sourcecode.swift; path = Simulation.swift; sourceTree = "<group>"; };
		EB982D6024267AB90080099D /* MeasureEffectiveness.swift */ = {isa = PBXFileReference; lastKnownFileType = sourcecode.swift; path = MeasureEffectiveness.swift; sourceTree = "<group>"; };
		EB982D6324267BAF0080099D /* MeasureCommunication.swift */ = {isa = PBXFileReference; lastKnownFileType = sourcecode.swift; path = MeasureCommunication.swift; sourceTree = "<group>"; };
		EB982D6524267BC30080099D /* MeasureSchools.swift */ = {isa = PBXFileReference; lastKnownFileType = sourcecode.swift; path = MeasureSchools.swift; sourceTree = "<group>"; };
		EB982D6724267BCC0080099D /* MeasureTraffic.swift */ = {isa = PBXFileReference; lastKnownFileType = sourcecode.swift; path = MeasureTraffic.swift; sourceTree = "<group>"; };
		EB982D6924267BD30080099D /* MeasureWork.swift */ = {isa = PBXFileReference; lastKnownFileType = sourcecode.swift; path = MeasureWork.swift; sourceTree = "<group>"; };
		EB982D6B24267BE90080099D /* MeasureAusgangssperre.swift */ = {isa = PBXFileReference; lastKnownFileType = sourcecode.swift; path = MeasureAusgangssperre.swift; sourceTree = "<group>"; };
		EB982D6D24267BFB0080099D /* MeasureScience.swift */ = {isa = PBXFileReference; lastKnownFileType = sourcecode.swift; path = MeasureScience.swift; sourceTree = "<group>"; };
		EB982D6F24267C670080099D /* MeasureHealth.swift */ = {isa = PBXFileReference; lastKnownFileType = sourcecode.swift; path = MeasureHealth.swift; sourceTree = "<group>"; };
		EB982D7124267C750080099D /* MeasureEconomics.swift */ = {isa = PBXFileReference; lastKnownFileType = sourcecode.swift; path = MeasureEconomics.swift; sourceTree = "<group>"; };
		EB982D7324267C860080099D /* MeasureBusinesses.swift */ = {isa = PBXFileReference; lastKnownFileType = sourcecode.swift; path = MeasureBusinesses.swift; sourceTree = "<group>"; };
		EBB04BDC2425945600BB2794 /* HeaderCollectionReusableView.swift */ = {isa = PBXFileReference; lastKnownFileType = sourcecode.swift; name = HeaderCollectionReusableView.swift; path = "/Users/jojo/Developer/GitHub/PlaguePrevent/PlaguePrevent/Game ViewController/HeaderCollectionReusableView.swift"; sourceTree = "<absolute>"; };
		EBB04BDD2425945600BB2794 /* HeaderCollectionReusableView.xib */ = {isa = PBXFileReference; lastKnownFileType = file.xib; name = HeaderCollectionReusableView.xib; path = "/Users/jojo/Developer/GitHub/PlaguePrevent/PlaguePrevent/Game ViewController/HeaderCollectionReusableView.xib"; sourceTree = "<absolute>"; };
		EBDFEBEC242634A000C896FC /* InteractiveTransition.swift */ = {isa = PBXFileReference; lastKnownFileType = sourcecode.swift; path = InteractiveTransition.swift; sourceTree = "<group>"; };
		EBDFEBED242634A000C896FC /* PresentationController.swift */ = {isa = PBXFileReference; lastKnownFileType = sourcecode.swift; path = PresentationController.swift; sourceTree = "<group>"; };
		EBDFEBEE242634A000C896FC /* UIImageView+Calculations.swift */ = {isa = PBXFileReference; lastKnownFileType = sourcecode.swift; path = "UIImageView+Calculations.swift"; sourceTree = "<group>"; };
		EBDFEBEF242634A000C896FC /* UIView+Animations.swift */ = {isa = PBXFileReference; lastKnownFileType = sourcecode.swift; path = "UIView+Animations.swift"; sourceTree = "<group>"; };
		EBDFEBF0242634A000C896FC /* PopupDialogDefaultView.swift */ = {isa = PBXFileReference; lastKnownFileType = sourcecode.swift; path = PopupDialogDefaultView.swift; sourceTree = "<group>"; };
		EBDFEBF1242634A000C896FC /* PopupDialog.swift */ = {isa = PBXFileReference; lastKnownFileType = sourcecode.swift; path = PopupDialog.swift; sourceTree = "<group>"; };
		EBDFEBF2242634A000C896FC /* .gitkeep */ = {isa = PBXFileReference; lastKnownFileType = text; path = .gitkeep; sourceTree = "<group>"; };
		EBDFEBF3242634A000C896FC /* PopupDialogOverlayView.swift */ = {isa = PBXFileReference; lastKnownFileType = sourcecode.swift; path = PopupDialogOverlayView.swift; sourceTree = "<group>"; };
		EBDFEBF4242634A000C896FC /* PopupDialogButton.swift */ = {isa = PBXFileReference; lastKnownFileType = sourcecode.swift; path = PopupDialogButton.swift; sourceTree = "<group>"; };
		EBDFEBF5242634A000C896FC /* UIViewController+Visibility.swift */ = {isa = PBXFileReference; lastKnownFileType = sourcecode.swift; path = "UIViewController+Visibility.swift"; sourceTree = "<group>"; };
		EBDFEBF6242634A000C896FC /* TransitionAnimator.swift */ = {isa = PBXFileReference; lastKnownFileType = sourcecode.swift; path = TransitionAnimator.swift; sourceTree = "<group>"; };
		EBDFEBF7242634A000C896FC /* PopupDialog+Keyboard.swift */ = {isa = PBXFileReference; lastKnownFileType = sourcecode.swift; path = "PopupDialog+Keyboard.swift"; sourceTree = "<group>"; };
		EBDFEBF8242634A000C896FC /* PopupDialogDefaultViewController.swift */ = {isa = PBXFileReference; lastKnownFileType = sourcecode.swift; path = PopupDialogDefaultViewController.swift; sourceTree = "<group>"; };
		EBDFEBF9242634A000C896FC /* TransitionAnimations.swift */ = {isa = PBXFileReference; lastKnownFileType = sourcecode.swift; path = TransitionAnimations.swift; sourceTree = "<group>"; };
		EBDFEBFA242634A000C896FC /* PopupDialogDefaultButtons.swift */ = {isa = PBXFileReference; lastKnownFileType = sourcecode.swift; path = PopupDialogDefaultButtons.swift; sourceTree = "<group>"; };
		EBDFEBFB242634A000C896FC /* PresentationManager.swift */ = {isa = PBXFileReference; lastKnownFileType = sourcecode.swift; path = PresentationManager.swift; sourceTree = "<group>"; };
		EBDFEBFC242634A000C896FC /* PopupDialogContainerView.swift */ = {isa = PBXFileReference; lastKnownFileType = sourcecode.swift; path = PopupDialogContainerView.swift; sourceTree = "<group>"; };
		EBDFEC10242637CD00C896FC /* MeasurePackage.swift */ = {isa = PBXFileReference; lastKnownFileType = sourcecode.swift; path = MeasurePackage.swift; sourceTree = "<group>"; };
		EBDFEC1424263CB700C896FC /* MeasureTypeBorder.swift */ = {isa = PBXFileReference; lastKnownFileType = sourcecode.swift; path = MeasureTypeBorder.swift; sourceTree = "<group>"; };
		EBDFEC1A24263DE700C896FC /* DefaultMeasureDescription.swift */ = {isa = PBXFileReference; lastKnownFileType = sourcecode.swift; path = DefaultMeasureDescription.swift; sourceTree = "<group>"; };
/* End PBXFileReference section */

/* Begin PBXFrameworksBuildPhase section */
		EB745E4824257361005280BB /* Frameworks */ = {
			isa = PBXFrameworksBuildPhase;
			buildActionMask = 2147483647;
			files = (
				21035550F24B8CDBBBCC60F0 /* Pods_PlaguePrevent.framework in Frameworks */,
			);
			runOnlyForDeploymentPostprocessing = 0;
		};
/* End PBXFrameworksBuildPhase section */

/* Begin PBXGroup section */
		8278BB43747297C8B4363492 /* Frameworks */ = {
			isa = PBXGroup;
			children = (
				221694C30D255878743A78EA /* Pods_PlaguePrevent.framework */,
			);
			name = Frameworks;
			sourceTree = "<group>";
		};
		A2B4FAD1786186540C450A31 /* Pods */ = {
			isa = PBXGroup;
			children = (
				005E7FDAAC8523FE606472A1 /* Pods-PlaguePrevent.debug.xcconfig */,
				1FE97EC5A2A2A1A5C20BA1CB /* Pods-PlaguePrevent.release.xcconfig */,
			);
			path = Pods;
			sourceTree = "<group>";
		};
		EB18E14324266D79001A71AC /* CollectionView */ = {
			isa = PBXGroup;
			children = (
				EBB04BDC2425945600BB2794 /* HeaderCollectionReusableView.swift */,
				EBB04BDD2425945600BB2794 /* HeaderCollectionReusableView.xib */,
				EB745E6624258557005280BB /* MeasuresCollectionViewCell.swift */,
				EB745E6724258557005280BB /* MeasuresCollectionViewCell.xib */,
			);
			path = CollectionView;
			sourceTree = "<group>";
		};
		EB390DAA24264B370009CEB0 /* Views */ = {
			isa = PBXGroup;
			children = (
				EB390DA824264B340009CEB0 /* BarView.swift */,
				EB47A34A2426D48100868B50 /* PopupMoneyViewController.swift */,
				EB47A34B2426D48100868B50 /* PopupMoneyViewController.xib */,
			);
			path = Views;
			sourceTree = "<group>";
		};
		EB390DB924265BCB0009CEB0 /* Scrollview subviews */ = {
			isa = PBXGroup;
			children = (
				EB390DB2242659D50009CEB0 /* CasesCard.swift */,
				EB390DB1242659D40009CEB0 /* CasesCard.xib */,
				EB390DB624265B730009CEB0 /* PopulationCard.swift */,
				EB390DB524265B720009CEB0 /* PopulationCard.xib */,
			);
			path = "Scrollview subviews";
			sourceTree = "<group>";
		};
		EB745E4224257361005280BB = {
			isa = PBXGroup;
			children = (
				EBDFEBEA242634A000C896FC /* PopupDialog */,
				EB745E4D24257361005280BB /* PlaguePrevent */,
				EB745E4C24257361005280BB /* Products */,
				A2B4FAD1786186540C450A31 /* Pods */,
				8278BB43747297C8B4363492 /* Frameworks */,
			);
			sourceTree = "<group>";
		};
		EB745E4C24257361005280BB /* Products */ = {
			isa = PBXGroup;
			children = (
				EB745E4B24257361005280BB /* PlaguePrevent.app */,
			);
			name = Products;
			sourceTree = "<group>";
		};
		EB745E4D24257361005280BB /* PlaguePrevent */ = {
			isa = PBXGroup;
			children = (
				EBDFEC12242637D100C896FC /* Model */,
				EB745E4E24257361005280BB /* AppDelegate.swift */,
				EB745E5024257361005280BB /* SceneDelegate.swift */,
				EB745E5424257361005280BB /* Main.storyboard */,
				EB390DAA24264B370009CEB0 /* Views */,
				EBD2B2C52425884100D37B6B /* Game ViewController */,
				EB745E5724257364005280BB /* Assets.xcassets */,
				EB745E5924257364005280BB /* LaunchScreen.storyboard */,
				EB745E5C24257364005280BB /* Info.plist */,
			);
			path = PlaguePrevent;
			sourceTree = "<group>";
		};
		EB7CCAD72426849D00786B4D /* Simulation */ = {
			isa = PBXGroup;
			children = (
				EB7CCAD52426849800786B4D /* Simulation.swift */,
			);
			path = Simulation;
			sourceTree = "<group>";
		};
		EBD2B2C52425884100D37B6B /* Game ViewController */ = {
			isa = PBXGroup;
			children = (
				EB745E5224257361005280BB /* GameViewController.swift */,
				EB18E14324266D79001A71AC /* CollectionView */,
				EB390DB924265BCB0009CEB0 /* Scrollview subviews */,
			);
			path = "Game ViewController";
			sourceTree = "<group>";
		};
		EBDFEBEA242634A000C896FC /* PopupDialog */ = {
			isa = PBXGroup;
			children = (
				EBDFEBEB242634A000C896FC /* Classes */,
			);
			path = PopupDialog;
			sourceTree = "<group>";
		};
		EBDFEBEB242634A000C896FC /* Classes */ = {
			isa = PBXGroup;
			children = (
				EBDFEBEC242634A000C896FC /* InteractiveTransition.swift */,
				EBDFEBED242634A000C896FC /* PresentationController.swift */,
				EBDFEBEE242634A000C896FC /* UIImageView+Calculations.swift */,
				EBDFEBEF242634A000C896FC /* UIView+Animations.swift */,
				EBDFEBF0242634A000C896FC /* PopupDialogDefaultView.swift */,
				EBDFEBF1242634A000C896FC /* PopupDialog.swift */,
				EBDFEBF2242634A000C896FC /* .gitkeep */,
				EBDFEBF3242634A000C896FC /* PopupDialogOverlayView.swift */,
				EBDFEBF4242634A000C896FC /* PopupDialogButton.swift */,
				EBDFEBF5242634A000C896FC /* UIViewController+Visibility.swift */,
				EBDFEBF6242634A000C896FC /* TransitionAnimator.swift */,
				EBDFEBF7242634A000C896FC /* PopupDialog+Keyboard.swift */,
				EBDFEBF8242634A000C896FC /* PopupDialogDefaultViewController.swift */,
				EBDFEBF9242634A000C896FC /* TransitionAnimations.swift */,
				EBDFEBFA242634A000C896FC /* PopupDialogDefaultButtons.swift */,
				EBDFEBFB242634A000C896FC /* PresentationManager.swift */,
				EBDFEBFC242634A000C896FC /* PopupDialogContainerView.swift */,
			);
			path = Classes;
			sourceTree = "<group>";
		};
		EBDFEC12242637D100C896FC /* Model */ = {
			isa = PBXGroup;
			children = (
				EB7CCAD72426849D00786B4D /* Simulation */,
				EB745E62242573C6005280BB /* MoneyMeasure.swift */,
				EBDFEC1A24263DE700C896FC /* DefaultMeasureDescription.swift */,
				EBDFEC10242637CD00C896FC /* MeasurePackage.swift */,
				EB982D7324267C860080099D /* MeasureBusinesses.swift */,
				EBDFEC1424263CB700C896FC /* MeasureTypeBorder.swift */,
				EB982D6024267AB90080099D /* MeasureEffectiveness.swift */,
				EB982D6324267BAF0080099D /* MeasureCommunication.swift */,
				EB982D6524267BC30080099D /* MeasureSchools.swift */,
				EB982D6724267BCC0080099D /* MeasureTraffic.swift */,
				EB982D6924267BD30080099D /* MeasureWork.swift */,
				EB982D6B24267BE90080099D /* MeasureAusgangssperre.swift */,
				EB982D6D24267BFB0080099D /* MeasureScience.swift */,
				EB982D6F24267C670080099D /* MeasureHealth.swift */,
				EB982D7124267C750080099D /* MeasureEconomics.swift */,
			);
			path = Model;
			sourceTree = "<group>";
		};
/* End PBXGroup section */

/* Begin PBXNativeTarget section */
		EB745E4A24257361005280BB /* PlaguePrevent */ = {
			isa = PBXNativeTarget;
			buildConfigurationList = EB745E5F24257364005280BB /* Build configuration list for PBXNativeTarget "PlaguePrevent" */;
			buildPhases = (
				93BB5FD48535E2A092E1DF93 /* [CP] Check Pods Manifest.lock */,
				EB745E4724257361005280BB /* Sources */,
				EB745E4824257361005280BB /* Frameworks */,
				EB745E4924257361005280BB /* Resources */,
				440741F640B74EC54B640478 /* [CP] Embed Pods Frameworks */,
			);
			buildRules = (
			);
			dependencies = (
			);
			name = PlaguePrevent;
			productName = PlaguePrevent;
			productReference = EB745E4B24257361005280BB /* PlaguePrevent.app */;
			productType = "com.apple.product-type.application";
		};
/* End PBXNativeTarget section */

/* Begin PBXProject section */
		EB745E4324257361005280BB /* Project object */ = {
			isa = PBXProject;
			attributes = {
				LastSwiftUpdateCheck = 1120;
				LastUpgradeCheck = 1120;
				ORGANIZATIONNAME = Johannes;
				TargetAttributes = {
					EB745E4A24257361005280BB = {
						CreatedOnToolsVersion = 11.2.1;
					};
				};
			};
			buildConfigurationList = EB745E4624257361005280BB /* Build configuration list for PBXProject "PlaguePrevent" */;
			compatibilityVersion = "Xcode 9.3";
			developmentRegion = en;
			hasScannedForEncodings = 0;
			knownRegions = (
				en,
				Base,
			);
			mainGroup = EB745E4224257361005280BB;
			productRefGroup = EB745E4C24257361005280BB /* Products */;
			projectDirPath = "";
			projectRoot = "";
			targets = (
				EB745E4A24257361005280BB /* PlaguePrevent */,
			);
		};
/* End PBXProject section */

/* Begin PBXResourcesBuildPhase section */
		EB745E4924257361005280BB /* Resources */ = {
			isa = PBXResourcesBuildPhase;
			buildActionMask = 2147483647;
			files = (
				EB390DB724265B730009CEB0 /* PopulationCard.xib in Resources */,
				EB745E5B24257364005280BB /* LaunchScreen.storyboard in Resources */,
				EBB04BDF242596C900BB2794 /* HeaderCollectionReusableView.xib in Resources */,
				EB745E5824257364005280BB /* Assets.xcassets in Resources */,
				EB47A34D2426D48100868B50 /* PopupMoneyViewController.xib in Resources */,
				EBDFEC05242634AF00C896FC /* .gitkeep in Resources */,
				EB745E6924258557005280BB /* MeasuresCollectionViewCell.xib in Resources */,
				EB745E5624257361005280BB /* Main.storyboard in Resources */,
				EB390DB3242659D50009CEB0 /* CasesCard.xib in Resources */,
			);
			runOnlyForDeploymentPostprocessing = 0;
		};
/* End PBXResourcesBuildPhase section */

/* Begin PBXShellScriptBuildPhase section */
		440741F640B74EC54B640478 /* [CP] Embed Pods Frameworks */ = {
			isa = PBXShellScriptBuildPhase;
			buildActionMask = 2147483647;
			files = (
			);
			inputFileListPaths = (
				"${PODS_ROOT}/Target Support Files/Pods-PlaguePrevent/Pods-PlaguePrevent-frameworks-${CONFIGURATION}-input-files.xcfilelist",
			);
			name = "[CP] Embed Pods Frameworks";
			outputFileListPaths = (
				"${PODS_ROOT}/Target Support Files/Pods-PlaguePrevent/Pods-PlaguePrevent-frameworks-${CONFIGURATION}-output-files.xcfilelist",
			);
			runOnlyForDeploymentPostprocessing = 0;
			shellPath = /bin/sh;
			shellScript = "\"${PODS_ROOT}/Target Support Files/Pods-PlaguePrevent/Pods-PlaguePrevent-frameworks.sh\"\n";
			showEnvVarsInLog = 0;
		};
		93BB5FD48535E2A092E1DF93 /* [CP] Check Pods Manifest.lock */ = {
			isa = PBXShellScriptBuildPhase;
			buildActionMask = 2147483647;
			files = (
			);
			inputFileListPaths = (
			);
			inputPaths = (
				"${PODS_PODFILE_DIR_PATH}/Podfile.lock",
				"${PODS_ROOT}/Manifest.lock",
			);
			name = "[CP] Check Pods Manifest.lock";
			outputFileListPaths = (
			);
			outputPaths = (
				"$(DERIVED_FILE_DIR)/Pods-PlaguePrevent-checkManifestLockResult.txt",
			);
			runOnlyForDeploymentPostprocessing = 0;
			shellPath = /bin/sh;
			shellScript = "diff \"${PODS_PODFILE_DIR_PATH}/Podfile.lock\" \"${PODS_ROOT}/Manifest.lock\" > /dev/null\nif [ $? != 0 ] ; then\n    # print error to STDERR\n    echo \"error: The sandbox is not in sync with the Podfile.lock. Run 'pod install' or update your CocoaPods installation.\" >&2\n    exit 1\nfi\n# This output is used by Xcode 'outputs' to avoid re-running this script phase.\necho \"SUCCESS\" > \"${SCRIPT_OUTPUT_FILE_0}\"\n";
			showEnvVarsInLog = 0;
		};
/* End PBXShellScriptBuildPhase section */

/* Begin PBXSourcesBuildPhase section */
		EB745E4724257361005280BB /* Sources */ = {
			isa = PBXSourcesBuildPhase;
			buildActionMask = 2147483647;
			files = (
				EB982D6E24267BFB0080099D /* MeasureScience.swift in Sources */,
				EB982D6824267BCC0080099D /* MeasureTraffic.swift in Sources */,
				EB390DB824265B730009CEB0 /* PopulationCard.swift in Sources */,
				EB982D6624267BC30080099D /* MeasureSchools.swift in Sources */,
				EB47A34C2426D48100868B50 /* PopupMoneyViewController.swift in Sources */,
				EB745E6824258557005280BB /* MeasuresCollectionViewCell.swift in Sources */,
				EB745E5324257361005280BB /* GameViewController.swift in Sources */,
				EB982D7024267C670080099D /* MeasureHealth.swift in Sources */,
				EBDFEBFF242634AF00C896FC /* InteractiveTransition.swift in Sources */,
				EBDFEC1524263CB700C896FC /* MeasureTypeBorder.swift in Sources */,
				EBDFEC04242634AF00C896FC /* PopupDialog.swift in Sources */,
				EBDFEC1B24263DE700C896FC /* DefaultMeasureDescription.swift in Sources */,
				EB982D6424267BAF0080099D /* MeasureCommunication.swift in Sources */,
				EB390DB4242659D50009CEB0 /* CasesCard.swift in Sources */,
				EBDFEC01242634AF00C896FC /* UIImageView+Calculations.swift in Sources */,
				EBDFEC0D242634AF00C896FC /* PopupDialogDefaultButtons.swift in Sources */,
				EBDFEC13242637F700C896FC /* MeasurePackage.swift in Sources */,
				EB982D6A24267BD30080099D /* MeasureWork.swift in Sources */,
				EBDFEC07242634AF00C896FC /* PopupDialogButton.swift in Sources */,
				EB982D6224267B320080099D /* MeasureEffectiveness.swift in Sources */,
				EBDFEC0B242634AF00C896FC /* PopupDialogDefaultViewController.swift in Sources */,
				EBDFEC0C242634AF00C896FC /* TransitionAnimations.swift in Sources */,
				EBDFEC0E242634AF00C896FC /* PresentationManager.swift in Sources */,
				EBDFEC0F242634AF00C896FC /* PopupDialogContainerView.swift in Sources */,
				EBDFEC06242634AF00C896FC /* PopupDialogOverlayView.swift in Sources */,
				EBDFEC03242634AF00C896FC /* PopupDialogDefaultView.swift in Sources */,
				EB7CCAD62426849800786B4D /* Simulation.swift in Sources */,
				EBDFEC0A242634AF00C896FC /* PopupDialog+Keyboard.swift in Sources */,
				EB982D6C24267BE90080099D /* MeasureAusgangssperre.swift in Sources */,
				EB390DAB24264B6B0009CEB0 /* BarView.swift in Sources */,
				EB982D7424267C860080099D /* MeasureBusinesses.swift in Sources */,
				EB390DAF242650EA0009CEB0 /* HeaderCollectionReusableView.swift in Sources */,
				EBDFEC09242634AF00C896FC /* TransitionAnimator.swift in Sources */,
				EB745E4F24257361005280BB /* AppDelegate.swift in Sources */,
				EB745E63242573C6005280BB /* MoneyMeasure.swift in Sources */,
				EB982D7224267C750080099D /* MeasureEconomics.swift in Sources */,
				EBDFEC02242634AF00C896FC /* UIView+Animations.swift in Sources */,
				EB745E5124257361005280BB /* SceneDelegate.swift in Sources */,
				EBDFEC00242634AF00C896FC /* PresentationController.swift in Sources */,
				EBDFEC08242634AF00C896FC /* UIViewController+Visibility.swift in Sources */,
			);
			runOnlyForDeploymentPostprocessing = 0;
		};
/* End PBXSourcesBuildPhase section */

/* Begin PBXVariantGroup section */
		EB745E5424257361005280BB /* Main.storyboard */ = {
			isa = PBXVariantGroup;
			children = (
				EB745E5524257361005280BB /* Base */,
			);
			name = Main.storyboard;
			sourceTree = "<group>";
		};
		EB745E5924257364005280BB /* LaunchScreen.storyboard */ = {
			isa = PBXVariantGroup;
			children = (
				EB745E5A24257364005280BB /* Base */,
			);
			name = LaunchScreen.storyboard;
			sourceTree = "<group>";
		};
/* End PBXVariantGroup section */

/* Begin XCBuildConfiguration section */
		EB745E5D24257364005280BB /* Debug */ = {
			isa = XCBuildConfiguration;
			buildSettings = {
				ALWAYS_SEARCH_USER_PATHS = NO;
				CLANG_ANALYZER_NONNULL = YES;
				CLANG_ANALYZER_NUMBER_OBJECT_CONVERSION = YES_AGGRESSIVE;
				CLANG_CXX_LANGUAGE_STANDARD = "gnu++14";
				CLANG_CXX_LIBRARY = "libc++";
				CLANG_ENABLE_MODULES = YES;
				CLANG_ENABLE_OBJC_ARC = YES;
				CLANG_ENABLE_OBJC_WEAK = YES;
				CLANG_WARN_BLOCK_CAPTURE_AUTORELEASING = YES;
				CLANG_WARN_BOOL_CONVERSION = YES;
				CLANG_WARN_COMMA = YES;
				CLANG_WARN_CONSTANT_CONVERSION = YES;
				CLANG_WARN_DEPRECATED_OBJC_IMPLEMENTATIONS = YES;
				CLANG_WARN_DIRECT_OBJC_ISA_USAGE = YES_ERROR;
				CLANG_WARN_DOCUMENTATION_COMMENTS = YES;
				CLANG_WARN_EMPTY_BODY = YES;
				CLANG_WARN_ENUM_CONVERSION = YES;
				CLANG_WARN_INFINITE_RECURSION = YES;
				CLANG_WARN_INT_CONVERSION = YES;
				CLANG_WARN_NON_LITERAL_NULL_CONVERSION = YES;
				CLANG_WARN_OBJC_IMPLICIT_RETAIN_SELF = YES;
				CLANG_WARN_OBJC_LITERAL_CONVERSION = YES;
				CLANG_WARN_OBJC_ROOT_CLASS = YES_ERROR;
				CLANG_WARN_RANGE_LOOP_ANALYSIS = YES;
				CLANG_WARN_STRICT_PROTOTYPES = YES;
				CLANG_WARN_SUSPICIOUS_MOVE = YES;
				CLANG_WARN_UNGUARDED_AVAILABILITY = YES_AGGRESSIVE;
				CLANG_WARN_UNREACHABLE_CODE = YES;
				CLANG_WARN__DUPLICATE_METHOD_MATCH = YES;
				COPY_PHASE_STRIP = NO;
				DEBUG_INFORMATION_FORMAT = dwarf;
				ENABLE_STRICT_OBJC_MSGSEND = YES;
				ENABLE_TESTABILITY = YES;
				GCC_C_LANGUAGE_STANDARD = gnu11;
				GCC_DYNAMIC_NO_PIC = NO;
				GCC_NO_COMMON_BLOCKS = YES;
				GCC_OPTIMIZATION_LEVEL = 0;
				GCC_PREPROCESSOR_DEFINITIONS = (
					"DEBUG=1",
					"$(inherited)",
				);
				GCC_WARN_64_TO_32_BIT_CONVERSION = YES;
				GCC_WARN_ABOUT_RETURN_TYPE = YES_ERROR;
				GCC_WARN_UNDECLARED_SELECTOR = YES;
				GCC_WARN_UNINITIALIZED_AUTOS = YES_AGGRESSIVE;
				GCC_WARN_UNUSED_FUNCTION = YES;
				GCC_WARN_UNUSED_VARIABLE = YES;
				IPHONEOS_DEPLOYMENT_TARGET = 13.2;
				MTL_ENABLE_DEBUG_INFO = INCLUDE_SOURCE;
				MTL_FAST_MATH = YES;
				ONLY_ACTIVE_ARCH = YES;
				SDKROOT = iphoneos;
				SWIFT_ACTIVE_COMPILATION_CONDITIONS = DEBUG;
				SWIFT_OPTIMIZATION_LEVEL = "-Onone";
			};
			name = Debug;
		};
		EB745E5E24257364005280BB /* Release */ = {
			isa = XCBuildConfiguration;
			buildSettings = {
				ALWAYS_SEARCH_USER_PATHS = NO;
				CLANG_ANALYZER_NONNULL = YES;
				CLANG_ANALYZER_NUMBER_OBJECT_CONVERSION = YES_AGGRESSIVE;
				CLANG_CXX_LANGUAGE_STANDARD = "gnu++14";
				CLANG_CXX_LIBRARY = "libc++";
				CLANG_ENABLE_MODULES = YES;
				CLANG_ENABLE_OBJC_ARC = YES;
				CLANG_ENABLE_OBJC_WEAK = YES;
				CLANG_WARN_BLOCK_CAPTURE_AUTORELEASING = YES;
				CLANG_WARN_BOOL_CONVERSION = YES;
				CLANG_WARN_COMMA = YES;
				CLANG_WARN_CONSTANT_CONVERSION = YES;
				CLANG_WARN_DEPRECATED_OBJC_IMPLEMENTATIONS = YES;
				CLANG_WARN_DIRECT_OBJC_ISA_USAGE = YES_ERROR;
				CLANG_WARN_DOCUMENTATION_COMMENTS = YES;
				CLANG_WARN_EMPTY_BODY = YES;
				CLANG_WARN_ENUM_CONVERSION = YES;
				CLANG_WARN_INFINITE_RECURSION = YES;
				CLANG_WARN_INT_CONVERSION = YES;
				CLANG_WARN_NON_LITERAL_NULL_CONVERSION = YES;
				CLANG_WARN_OBJC_IMPLICIT_RETAIN_SELF = YES;
				CLANG_WARN_OBJC_LITERAL_CONVERSION = YES;
				CLANG_WARN_OBJC_ROOT_CLASS = YES_ERROR;
				CLANG_WARN_RANGE_LOOP_ANALYSIS = YES;
				CLANG_WARN_STRICT_PROTOTYPES = YES;
				CLANG_WARN_SUSPICIOUS_MOVE = YES;
				CLANG_WARN_UNGUARDED_AVAILABILITY = YES_AGGRESSIVE;
				CLANG_WARN_UNREACHABLE_CODE = YES;
				CLANG_WARN__DUPLICATE_METHOD_MATCH = YES;
				COPY_PHASE_STRIP = NO;
				DEBUG_INFORMATION_FORMAT = "dwarf-with-dsym";
				ENABLE_NS_ASSERTIONS = NO;
				ENABLE_STRICT_OBJC_MSGSEND = YES;
				GCC_C_LANGUAGE_STANDARD = gnu11;
				GCC_NO_COMMON_BLOCKS = YES;
				GCC_WARN_64_TO_32_BIT_CONVERSION = YES;
				GCC_WARN_ABOUT_RETURN_TYPE = YES_ERROR;
				GCC_WARN_UNDECLARED_SELECTOR = YES;
				GCC_WARN_UNINITIALIZED_AUTOS = YES_AGGRESSIVE;
				GCC_WARN_UNUSED_FUNCTION = YES;
				GCC_WARN_UNUSED_VARIABLE = YES;
				IPHONEOS_DEPLOYMENT_TARGET = 13.2;
				MTL_ENABLE_DEBUG_INFO = NO;
				MTL_FAST_MATH = YES;
				SDKROOT = iphoneos;
				SWIFT_COMPILATION_MODE = wholemodule;
				SWIFT_OPTIMIZATION_LEVEL = "-O";
				VALIDATE_PRODUCT = YES;
			};
			name = Release;
		};
		EB745E6024257364005280BB /* Debug */ = {
			isa = XCBuildConfiguration;
			baseConfigurationReference = 005E7FDAAC8523FE606472A1 /* Pods-PlaguePrevent.debug.xcconfig */;
			buildSettings = {
				ASSETCATALOG_COMPILER_APPICON_NAME = AppIcon;
				CODE_SIGN_IDENTITY = "Apple Development";
				CODE_SIGN_STYLE = Automatic;
				DEVELOPMENT_TEAM = YLJFWRHN2U;
				INFOPLIST_FILE = PlaguePrevent/Info.plist;
				LD_RUNPATH_SEARCH_PATHS = (
					"$(inherited)",
					"@executable_path/Frameworks",
				);
				PRODUCT_BUNDLE_IDENTIFIER = com.jraufeisen.PlaguePrevention;
				PRODUCT_NAME = "$(TARGET_NAME)";
				PROVISIONING_PROFILE_SPECIFIER = "";
				SWIFT_VERSION = 5.0;
				TARGETED_DEVICE_FAMILY = "1,2";
			};
			name = Debug;
		};
		EB745E6124257364005280BB /* Release */ = {
			isa = XCBuildConfiguration;
			baseConfigurationReference = 1FE97EC5A2A2A1A5C20BA1CB /* Pods-PlaguePrevent.release.xcconfig */;
			buildSettings = {
				ASSETCATALOG_COMPILER_APPICON_NAME = AppIcon;
				CODE_SIGN_IDENTITY = "Apple Development";
				CODE_SIGN_STYLE = Automatic;
				DEVELOPMENT_TEAM = YLJFWRHN2U;
				INFOPLIST_FILE = PlaguePrevent/Info.plist;
				LD_RUNPATH_SEARCH_PATHS = (
					"$(inherited)",
					"@executable_path/Frameworks",
				);
				PRODUCT_BUNDLE_IDENTIFIER = com.jraufeisen.PlaguePrevention;
				PRODUCT_NAME = "$(TARGET_NAME)";
				PROVISIONING_PROFILE_SPECIFIER = "";
				SWIFT_VERSION = 5.0;
				TARGETED_DEVICE_FAMILY = "1,2";
			};
			name = Release;
		};
/* End XCBuildConfiguration section */

/* Begin XCConfigurationList section */
		EB745E4624257361005280BB /* Build configuration list for PBXProject "PlaguePrevent" */ = {
			isa = XCConfigurationList;
			buildConfigurations = (
				EB745E5D24257364005280BB /* Debug */,
				EB745E5E24257364005280BB /* Release */,
			);
			defaultConfigurationIsVisible = 0;
			defaultConfigurationName = Release;
		};
		EB745E5F24257364005280BB /* Build configuration list for PBXNativeTarget "PlaguePrevent" */ = {
			isa = XCConfigurationList;
			buildConfigurations = (
				EB745E6024257364005280BB /* Debug */,
				EB745E6124257364005280BB /* Release */,
			);
			defaultConfigurationIsVisible = 0;
			defaultConfigurationName = Release;
		};
/* End XCConfigurationList section */
	};
	rootObject = EB745E4324257361005280BB /* Project object */;
}
